
Microsoft Visual Studio Solution File, Format Version 12.00
# Visual Studio Version 17
VisualStudioVersion = 17.0.31903.59
MinimumVisualStudioVersion = 10.0.40219.1
Project("{9A19103F-16F7-4668-BE54-9A1E7A4F7556}") = "Northwind.EntityModels.Sqlite", "Northwind.EntityModels.Sqlite\Northwind.EntityModels.Sqlite.csproj", "{36E4D826-D703-4A4B-AE95-5CFF0D0441C6}"
EndProject
Project("{9A19103F-16F7-4668-BE54-9A1E7A4F7556}") = "Northwind.DataContext.Sqlite", "Northwind.DataContext.Sqlite\Northwind.DataContext.Sqlite.csproj", "{2D69E71F-4676-425E-AFB3-5EA8C7FBA680}"
EndProject
Project("{9A19103F-16F7-4668-BE54-9A1E7A4F7556}") = "Northwind.UnitTests", "Northwind.UnitTests\Northwind.UnitTests.csproj", "{1BCD3473-4757-4D2E-8C04-DEB9D2056EF5}"
EndProject
Project("{9A19103F-16F7-4668-BE54-9A1E7A4F7556}") = "Northwind.Web", "Northwind.Web\Northwind.Web.csproj", "{4A7B43ED-F14B-4A9B-A915-B3AD0C5EC936}"
EndProject
Project("{FAE04EC0-301F-11D3-BF4B-00C04F79EFBC}") = "Northwind.Razor.Employees", "Northwind.Razor.Employees\Northwind.Razor.Employees.csproj", "{87D7F78E-3EE9-4400-96C4-F7EDFD219E8F}"
EndProject
Project("{FAE04EC0-301F-11D3-BF4B-00C04F79EFBC}") = "Northwind.Mvc", "Northwind.Mvc\Northwind.Mvc.csproj", "{285BBFF0-6958-4A13-8EAF-C3B5060DE7BD}"
EndProject
Project("{FAE04EC0-301F-11D3-BF4B-00C04F79EFBC}") = "Northwind.Blazor", "Northwind.Blazor\Northwind.Blazor.csproj", "{86E77283-7965-4041-92DB-8A953E139663}"
EndProject
Global
	GlobalSection(SolutionConfigurationPlatforms) = preSolution
		Debug|Any CPU = Debug|Any CPU
		Release|Any CPU = Release|Any CPU
	EndGlobalSection
	GlobalSection(ProjectConfigurationPlatforms) = postSolution
		{36E4D826-D703-4A4B-AE95-5CFF0D0441C6}.Debug|Any CPU.ActiveCfg = Debug|Any CPU
		{36E4D826-D703-4A4B-AE95-5CFF0D0441C6}.Debug|Any CPU.Build.0 = Debug|Any CPU
		{36E4D826-D703-4A4B-AE95-5CFF0D0441C6}.Release|Any CPU.ActiveCfg = Release|Any CPU
		{36E4D826-D703-4A4B-AE95-5CFF0D0441C6}.Release|Any CPU.Build.0 = Release|Any CPU
		{2D69E71F-4676-425E-AFB3-5EA8C7FBA680}.Debug|Any CPU.ActiveCfg = Debug|Any CPU
		{2D69E71F-4676-425E-AFB3-5EA8C7FBA680}.Debug|Any CPU.Build.0 = Debug|Any CPU
		{2D69E71F-4676-425E-AFB3-5EA8C7FBA680}.Release|Any CPU.ActiveCfg = Release|Any CPU
		{2D69E71F-4676-425E-AFB3-5EA8C7FBA680}.Release|Any CPU.Build.0 = Release|Any CPU
		{1BCD3473-4757-4D2E-8C04-DEB9D2056EF5}.Debug|Any CPU.ActiveCfg = Debug|Any CPU
		{1BCD3473-4757-4D2E-8C04-DEB9D2056EF5}.Debug|Any CPU.Build.0 = Debug|Any CPU
		{1BCD3473-4757-4D2E-8C04-DEB9D2056EF5}.Release|Any CPU.ActiveCfg = Release|Any CPU
		{1BCD3473-4757-4D2E-8C04-DEB9D2056EF5}.Release|Any CPU.Build.0 = Release|Any CPU
		{4A7B43ED-F14B-4A9B-A915-B3AD0C5EC936}.Debug|Any CPU.ActiveCfg = Debug|Any CPU
		{4A7B43ED-F14B-4A9B-A915-B3AD0C5EC936}.Debug|Any CPU.Build.0 = Debug|Any CPU
		{4A7B43ED-F14B-4A9B-A915-B3AD0C5EC936}.Release|Any CPU.ActiveCfg = Release|Any CPU
		{4A7B43ED-F14B-4A9B-A915-B3AD0C5EC936}.Release|Any CPU.Build.0 = Release|Any CPU
		{87D7F78E-3EE9-4400-96C4-F7EDFD219E8F}.Debug|Any CPU.ActiveCfg = Debug|Any CPU
		{87D7F78E-3EE9-4400-96C4-F7EDFD219E8F}.Debug|Any CPU.Build.0 = Debug|Any CPU
		{87D7F78E-3EE9-4400-96C4-F7EDFD219E8F}.Release|Any CPU.ActiveCfg = Release|Any CPU
		{87D7F78E-3EE9-4400-96C4-F7EDFD219E8F}.Release|Any CPU.Build.0 = Release|Any CPU
		{285BBFF0-6958-4A13-8EAF-C3B5060DE7BD}.Debug|Any CPU.ActiveCfg = Debug|Any CPU
		{285BBFF0-6958-4A13-8EAF-C3B5060DE7BD}.Debug|Any CPU.Build.0 = Debug|Any CPU
		{285BBFF0-6958-4A13-8EAF-C3B5060DE7BD}.Release|Any CPU.ActiveCfg = Release|Any CPU
		{285BBFF0-6958-4A13-8EAF-C3B5060DE7BD}.Release|Any CPU.Build.0 = Release|Any CPU
		{86E77283-7965-4041-92DB-8A953E139663}.Debug|Any CPU.ActiveCfg = Debug|Any CPU
		{86E77283-7965-4041-92DB-8A953E139663}.Debug|Any CPU.Build.0 = Debug|Any CPU
		{86E77283-7965-4041-92DB-8A953E139663}.Release|Any CPU.ActiveCfg = Release|Any CPU
		{86E77283-7965-4041-92DB-8A953E139663}.Release|Any CPU.Build.0 = Release|Any CPU
	EndGlobalSection
	GlobalSection(SolutionProperties) = preSolution
		HideSolutionNode = FALSE
	EndGlobalSection
EndGlobal
