
Microsoft Visual Studio Solution File, Format Version 12.00
# Visual Studio Version 17
VisualStudioVersion = 17.0.31903.59
MinimumVisualStudioVersion = 10.0.40219.1
Project("{9A19103F-16F7-4668-BE54-9A1E7A4F7556}") = "WorkingWithFileSystems", "WorkingWithFileSystems\WorkingWithFileSystems.csproj", "{33A1B805-3176-424D-BEFF-74C8F37EDED6}"
EndProject
Project("{FAE04EC0-301F-11D3-BF4B-00C04F79EFBC}") = "WorkingWithStreams", "WorkingWithStreams\WorkingWithStreams.csproj", "{8DEF7039-7BBA-4518-A2A4-C5FF9CE490C7}"
EndProject
Project("{FAE04EC0-301F-11D3-BF4B-00C04F79EFBC}") = "WorkingWithRandomAccess", "WorkingWithRandomAccess\WorkingWithRandomAccess.csproj", "{4FB93B45-24B7-4653-ABA7-E04C2C1080DE}"
EndProject
Project("{FAE04EC0-301F-11D3-BF4B-00C04F79EFBC}") = "WorkingWithEncodings", "WorkingWithEncodings\WorkingWithEncodings.csproj", "{BD0DF532-38B9-4163-8C33-005BCD20279B}"
EndProject
Project("{FAE04EC0-301F-11D3-BF4B-00C04F79EFBC}") = "WorkingWithSerialization", "WorkingWithSerialization\WorkingWithSerialization.csproj", "{F8564DC7-3397-4898-B08B-3D4B781C7C26}"
EndProject
Project("{FAE04EC0-301F-11D3-BF4B-00C04F79EFBC}") = "ControllingJson", "ControllingJson\ControllingJson.csproj", "{0E881922-1567-4593-9580-7766EAB297F9}"
EndProject
Project("{FAE04EC0-301F-11D3-BF4B-00C04F79EFBC}") = "WorkingWithEnvVars", "WorkingWithEnvVars\WorkingWithEnvVars.csproj", "{F18E3B04-2FD3-4AF7-BA4D-8AADE2BA7D64}"
EndProject
Global
	GlobalSection(SolutionConfigurationPlatforms) = preSolution
		Debug|Any CPU = Debug|Any CPU
		Release|Any CPU = Release|Any CPU
	EndGlobalSection
	GlobalSection(ProjectConfigurationPlatforms) = postSolution
		{33A1B805-3176-424D-BEFF-74C8F37EDED6}.Debug|Any CPU.ActiveCfg = Release|Any CPU
		{33A1B805-3176-424D-BEFF-74C8F37EDED6}.Debug|Any CPU.Build.0 = Release|Any CPU
		{33A1B805-3176-424D-BEFF-74C8F37EDED6}.Release|Any CPU.ActiveCfg = Release|Any CPU
		{33A1B805-3176-424D-BEFF-74C8F37EDED6}.Release|Any CPU.Build.0 = Release|Any CPU
		{8DEF7039-7BBA-4518-A2A4-C5FF9CE490C7}.Debug|Any CPU.ActiveCfg = Debug|Any CPU
		{8DEF7039-7BBA-4518-A2A4-C5FF9CE490C7}.Debug|Any CPU.Build.0 = Debug|Any CPU
		{8DEF7039-7BBA-4518-A2A4-C5FF9CE490C7}.Release|Any CPU.ActiveCfg = Release|Any CPU
		{8DEF7039-7BBA-4518-A2A4-C5FF9CE490C7}.Release|Any CPU.Build.0 = Release|Any CPU
		{4FB93B45-24B7-4653-ABA7-E04C2C1080DE}.Debug|Any CPU.ActiveCfg = Debug|Any CPU
		{4FB93B45-24B7-4653-ABA7-E04C2C1080DE}.Debug|Any CPU.Build.0 = Debug|Any CPU
		{4FB93B45-24B7-4653-ABA7-E04C2C1080DE}.Release|Any CPU.ActiveCfg = Release|Any CPU
		{4FB93B45-24B7-4653-ABA7-E04C2C1080DE}.Release|Any CPU.Build.0 = Release|Any CPU
		{BD0DF532-38B9-4163-8C33-005BCD20279B}.Debug|Any CPU.ActiveCfg = Debug|Any CPU
		{BD0DF532-38B9-4163-8C33-005BCD20279B}.Debug|Any CPU.Build.0 = Debug|Any CPU
		{BD0DF532-38B9-4163-8C33-005BCD20279B}.Release|Any CPU.ActiveCfg = Release|Any CPU
		{BD0DF532-38B9-4163-8C33-005BCD20279B}.Release|Any CPU.Build.0 = Release|Any CPU
		{F8564DC7-3397-4898-B08B-3D4B781C7C26}.Debug|Any CPU.ActiveCfg = Debug|Any CPU
		{F8564DC7-3397-4898-B08B-3D4B781C7C26}.Debug|Any CPU.Build.0 = Debug|Any CPU
		{F8564DC7-3397-4898-B08B-3D4B781C7C26}.Release|Any CPU.ActiveCfg = Release|Any CPU
		{F8564DC7-3397-4898-B08B-3D4B781C7C26}.Release|Any CPU.Build.0 = Release|Any CPU
		{0E881922-1567-4593-9580-7766EAB297F9}.Debug|Any CPU.ActiveCfg = Debug|Any CPU
		{0E881922-1567-4593-9580-7766EAB297F9}.Debug|Any CPU.Build.0 = Debug|Any CPU
		{0E881922-1567-4593-9580-7766EAB297F9}.Release|Any CPU.ActiveCfg = Release|Any CPU
		{0E881922-1567-4593-9580-7766EAB297F9}.Release|Any CPU.Build.0 = Release|Any CPU
		{F18E3B04-2FD3-4AF7-BA4D-8AADE2BA7D64}.Debug|Any CPU.ActiveCfg = Debug|Any CPU
		{F18E3B04-2FD3-4AF7-BA4D-8AADE2BA7D64}.Debug|Any CPU.Build.0 = Debug|Any CPU
		{F18E3B04-2FD3-4AF7-BA4D-8AADE2BA7D64}.Release|Any CPU.ActiveCfg = Release|Any CPU
		{F18E3B04-2FD3-4AF7-BA4D-8AADE2BA7D64}.Release|Any CPU.Build.0 = Release|Any CPU
	EndGlobalSection
	GlobalSection(SolutionProperties) = preSolution
		HideSolutionNode = FALSE
	EndGlobalSection
EndGlobal
