
Microsoft Visual Studio Solution File, Format Version 12.00
# Visual Studio Version 17
VisualStudioVersion = 17.0.31903.59
MinimumVisualStudioVersion = 10.0.40219.1
Project("{FAE04EC0-301F-11D3-BF4B-00C04F79EFBC}") = "PeopleApp", "PeopleApp\PeopleApp.csproj", "{B3E4FCD7-29C4-4F44-99AD-7C3ABC3E4CB5}"
EndProject
Project("{FAE04EC0-301F-11D3-BF4B-00C04F79EFBC}") = "PacktLibrary", "PacktLibrary\PacktLibrary.csproj", "{451BB428-CAF2-4E4B-B56B-50BF115DCFEF}"
EndProject
Project("{FAE04EC0-301F-11D3-BF4B-00C04F79EFBC}") = "NullHandling", "NullHandling\NullHandling.csproj", "{AE8BF7A3-0141-44EF-B97A-6D3FB3EFEF5E}"
EndProject
Project("{FAE04EC0-301F-11D3-BF4B-00C04F79EFBC}") = "InheritanceExercise", "InheritanceExercise\InheritanceExercise.csproj", "{3056B02C-1F42-4137-9058-BB7ADC5B24F3}"
EndProject
Global
	GlobalSection(SolutionConfigurationPlatforms) = preSolution
		Debug|Any CPU = Debug|Any CPU
		Release|Any CPU = Release|Any CPU
	EndGlobalSection
	GlobalSection(SolutionProperties) = preSolution
		HideSolutionNode = FALSE
	EndGlobalSection
	GlobalSection(ProjectConfigurationPlatforms) = postSolution
		{B3E4FCD7-29C4-4F44-99AD-7C3ABC3E4CB5}.Debug|Any CPU.ActiveCfg = Debug|Any CPU
		{B3E4FCD7-29C4-4F44-99AD-7C3ABC3E4CB5}.Debug|Any CPU.Build.0 = Debug|Any CPU
		{B3E4FCD7-29C4-4F44-99AD-7C3ABC3E4CB5}.Release|Any CPU.ActiveCfg = Release|Any CPU
		{B3E4FCD7-29C4-4F44-99AD-7C3ABC3E4CB5}.Release|Any CPU.Build.0 = Release|Any CPU
		{451BB428-CAF2-4E4B-B56B-50BF115DCFEF}.Debug|Any CPU.ActiveCfg = Debug|Any CPU
		{451BB428-CAF2-4E4B-B56B-50BF115DCFEF}.Debug|Any CPU.Build.0 = Debug|Any CPU
		{451BB428-CAF2-4E4B-B56B-50BF115DCFEF}.Release|Any CPU.ActiveCfg = Release|Any CPU
		{451BB428-CAF2-4E4B-B56B-50BF115DCFEF}.Release|Any CPU.Build.0 = Release|Any CPU
		{AE8BF7A3-0141-44EF-B97A-6D3FB3EFEF5E}.Debug|Any CPU.ActiveCfg = Debug|Any CPU
		{AE8BF7A3-0141-44EF-B97A-6D3FB3EFEF5E}.Debug|Any CPU.Build.0 = Debug|Any CPU
		{AE8BF7A3-0141-44EF-B97A-6D3FB3EFEF5E}.Release|Any CPU.ActiveCfg = Release|Any CPU
		{AE8BF7A3-0141-44EF-B97A-6D3FB3EFEF5E}.Release|Any CPU.Build.0 = Release|Any CPU
		{3056B02C-1F42-4137-9058-BB7ADC5B24F3}.Debug|Any CPU.ActiveCfg = Debug|Any CPU
		{3056B02C-1F42-4137-9058-BB7ADC5B24F3}.Debug|Any CPU.Build.0 = Debug|Any CPU
		{3056B02C-1F42-4137-9058-BB7ADC5B24F3}.Release|Any CPU.ActiveCfg = Release|Any CPU
		{3056B02C-1F42-4137-9058-BB7ADC5B24F3}.Release|Any CPU.Build.0 = Release|Any CPU
	EndGlobalSection
EndGlobal
