
Microsoft Visual Studio Solution File, Format Version 12.00
# Visual Studio Version 17
VisualStudioVersion = 17.0.31903.59
MinimumVisualStudioVersion = 10.0.40219.1
Project("{FAE04EC0-301F-11D3-BF4B-00C04F79EFBC}") = "AssembliesAndNamespaces", "AssembliesAndNamespaces\AssembliesAndNamespaces.csproj", "{D8C419A9-9EC6-4DD7-AB35-93C3BB8E8A49}"
EndProject
Project("{FAE04EC0-301F-11D3-BF4B-00C04F79EFBC}") = "DotNetEveryWhere", "DotNetEveryWhere\DotNetEveryWhere.csproj", "{E2B45A5D-D333-4C31-8C54-784003ACE5B3}"
EndProject
Project("{FAE04EC0-301F-11D3-BF4B-00C04F79EFBC}") = "ConsoleApp.SourceGeneration", "ConsoleApp.SourceGeneration\ConsoleApp.SourceGeneration.csproj", "{F135E05B-8B33-42B0-A176-F4581AF8EB12}"
EndProject
Global
	GlobalSection(SolutionConfigurationPlatforms) = preSolution
		Debug|Any CPU = Debug|Any CPU
		Release|Any CPU = Release|Any CPU
	EndGlobalSection
	GlobalSection(SolutionProperties) = preSolution
		HideSolutionNode = FALSE
	EndGlobalSection
	GlobalSection(ProjectConfigurationPlatforms) = postSolution
		{D8C419A9-9EC6-4DD7-AB35-93C3BB8E8A49}.Debug|Any CPU.ActiveCfg = Debug|Any CPU
		{D8C419A9-9EC6-4DD7-AB35-93C3BB8E8A49}.Debug|Any CPU.Build.0 = Debug|Any CPU
		{D8C419A9-9EC6-4DD7-AB35-93C3BB8E8A49}.Release|Any CPU.ActiveCfg = Release|Any CPU
		{D8C419A9-9EC6-4DD7-AB35-93C3BB8E8A49}.Release|Any CPU.Build.0 = Release|Any CPU
		{E2B45A5D-D333-4C31-8C54-784003ACE5B3}.Debug|Any CPU.ActiveCfg = Debug|Any CPU
		{E2B45A5D-D333-4C31-8C54-784003ACE5B3}.Debug|Any CPU.Build.0 = Debug|Any CPU
		{E2B45A5D-D333-4C31-8C54-784003ACE5B3}.Release|Any CPU.ActiveCfg = Release|Any CPU
		{E2B45A5D-D333-4C31-8C54-784003ACE5B3}.Release|Any CPU.Build.0 = Release|Any CPU
		{F135E05B-8B33-42B0-A176-F4581AF8EB12}.Debug|Any CPU.ActiveCfg = Debug|Any CPU
		{F135E05B-8B33-42B0-A176-F4581AF8EB12}.Debug|Any CPU.Build.0 = Debug|Any CPU
		{F135E05B-8B33-42B0-A176-F4581AF8EB12}.Release|Any CPU.ActiveCfg = Release|Any CPU
		{F135E05B-8B33-42B0-A176-F4581AF8EB12}.Release|Any CPU.Build.0 = Release|Any CPU
	EndGlobalSection
EndGlobal
